
Microsoft Visual Studio Solution File, Format Version 12.00
# Visual Studio Version 16
VisualStudioVersion = 16.0.31129.286
MinimumVisualStudioVersion = 10.0.40219.1
Project("{9A19103F-16F7-4668-BE54-9A1E7A4F7556}") = "Assignment2Project", "Assignment2Project\Assignment2Project.csproj", "{C8AA1041-7346-44DC-9763-E7F8ECFABEC9}"
EndProject
Project("{FAE04EC0-301F-11D3-BF4B-00C04F79EFBC}") = "XUnitTestAssignment2Project", "XUnitTestAssignment2Project\XUnitTestAssignment2Project.csproj", "{197F66C6-EAA3-4B2B-97B9-F8E74F1854A9}"
EndProject
Global
	GlobalSection(SolutionConfigurationPlatforms) = preSolution
		Debug|Any CPU = Debug|Any CPU
		Release|Any CPU = Release|Any CPU
	EndGlobalSection
	GlobalSection(ProjectConfigurationPlatforms) = postSolution
		{C8AA1041-7346-44DC-9763-E7F8ECFABEC9}.Debug|Any CPU.ActiveCfg = Debug|Any CPU
		{C8AA1041-7346-44DC-9763-E7F8ECFABEC9}.Debug|Any CPU.Build.0 = Debug|Any CPU
		{C8AA1041-7346-44DC-9763-E7F8ECFABEC9}.Release|Any CPU.ActiveCfg = Release|Any CPU
		{C8AA1041-7346-44DC-9763-E7F8ECFABEC9}.Release|Any CPU.Build.0 = Release|Any CPU
		{197F66C6-EAA3-4B2B-97B9-F8E74F1854A9}.Debug|Any CPU.ActiveCfg = Debug|Any CPU
		{197F66C6-EAA3-4B2B-97B9-F8E74F1854A9}.Debug|Any CPU.Build.0 = Debug|Any CPU
		{197F66C6-EAA3-4B2B-97B9-F8E74F1854A9}.Release|Any CPU.ActiveCfg = Release|Any CPU
		{197F66C6-EAA3-4B2B-97B9-F8E74F1854A9}.Release|Any CPU.Build.0 = Release|Any CPU
	EndGlobalSection
	GlobalSection(SolutionProperties) = preSolution
		HideSolutionNode = FALSE
	EndGlobalSection
	GlobalSection(ExtensibilityGlobals) = postSolution
		SolutionGuid = {D1DC853F-052A-4233-8196-1E9F433AB382}
	EndGlobalSection
EndGlobal
